
Microsoft Visual Studio Solution File, Format Version 12.00
# Visual Studio Version 17
VisualStudioVersion = 17.10.35122.118
MinimumVisualStudioVersion = 10.0.40219.1
Project("{FAE04EC0-301F-11D3-BF4B-00C04F79EFBC}") = "ConsoleMousePosition", "ConsoleMousePosition.csproj", "{FEFF1B52-16D5-4284-96F2-6A841098EBFE}"
EndProject
Global
	GlobalSection(SolutionConfigurationPlatforms) = preSolution
		Debug|Any CPU = Debug|Any CPU
		Release|Any CPU = Release|Any CPU
	EndGlobalSection
	GlobalSection(ProjectConfigurationPlatforms) = postSolution
		{FEFF1B52-16D5-4284-96F2-6A841098EBFE}.Debug|Any CPU.ActiveCfg = Debug|Any CPU
		{FEFF1B52-16D5-4284-96F2-6A841098EBFE}.Debug|Any CPU.Build.0 = Debug|Any CPU
		{FEFF1B52-16D5-4284-96F2-6A841098EBFE}.Release|Any CPU.ActiveCfg = Release|Any CPU
		{FEFF1B52-16D5-4284-96F2-6A841098EBFE}.Release|Any CPU.Build.0 = Release|Any CPU
	EndGlobalSection
	GlobalSection(SolutionProperties) = preSolution
		HideSolutionNode = FALSE
	EndGlobalSection
	GlobalSection(ExtensibilityGlobals) = postSolution
		SolutionGuid = {DA3B4E87-4AB4-4BC7-8C36-D4DE7D9A2BB9}
	EndGlobalSection
EndGlobal
